
Microsoft Visual Studio Solution File, Format Version 12.00
# Visual Studio Version 17
VisualStudioVersion = 17.7.34202.233
MinimumVisualStudioVersion = 10.0.40219.1
Project("{FAE04EC0-301F-11D3-BF4B-00C04F79EFBC}") = "NewC_2_7", "NewC_2_7.csproj", "{637E0F23-FFDB-4320-BF57-B41DEAFF8B4B}"
EndProject
Global
	GlobalSection(SolutionConfigurationPlatforms) = preSolution
		Debug|Any CPU = Debug|Any CPU
		Release|Any CPU = Release|Any CPU
	EndGlobalSection
	GlobalSection(ProjectConfigurationPlatforms) = postSolution
		{637E0F23-FFDB-4320-BF57-B41DEAFF8B4B}.Debug|Any CPU.ActiveCfg = Debug|Any CPU
		{637E0F23-FFDB-4320-BF57-B41DEAFF8B4B}.Debug|Any CPU.Build.0 = Debug|Any CPU
		{637E0F23-FFDB-4320-BF57-B41DEAFF8B4B}.Release|Any CPU.ActiveCfg = Release|Any CPU
		{637E0F23-FFDB-4320-BF57-B41DEAFF8B4B}.Release|Any CPU.Build.0 = Release|Any CPU
	EndGlobalSection
	GlobalSection(SolutionProperties) = preSolution
		HideSolutionNode = FALSE
	EndGlobalSection
	GlobalSection(ExtensibilityGlobals) = postSolution
		SolutionGuid = {F1194E93-F5CE-46D8-95DE-81E13B5D9943}
	EndGlobalSection
EndGlobal
